{
  "requires": true,
  "lockfileVersion": 1,
  "dependencies": {
    "ast-types": {
      "version": "0.12.2",
      "resolved": "http://192.168.57.7:4873/ast-types/-/ast-types-0.12.2.tgz",
      "integrity": "sha1-NBZWBJ7jKKwD/IBcFWtJ66seRGI="
    },
    "esprima": {
      "version": "4.0.1",
      "resolved": "http://192.168.57.7:4873/esprima/-/esprima-4.0.1.tgz",
      "integrity": "sha1-E7BM2z5sXRnfkatph6hpVhmwqnE="
    },
    "private": {
      "version": "0.1.8",
      "resolved": "http://192.168.57.7:4873/private/-/private-0.1.8.tgz",
      "integrity": "sha1-I4Hts2ifelPWUxkAYPz4ItLzaP8="
    },
    "recast": {
      "version": "0.17.3",
      "resolved": "http://192.168.57.7:4873/recast/-/recast-0.17.3.tgz",
      "integrity": "sha1-9JqcmmTFm1X2yTtaU+PP/XoTNU0=",
      "requires": {
        "ast-types": "0.12.2",
        "esprima": "~4.0.0",
        "private": "^0.1.8",
        "source-map": "~0.6.1"
      }
    },
    "source-map": {
      "version": "0.6.1",
      "resolved": "http://192.168.57.7:4873/source-map/-/source-map-0.6.1.tgz",
      "integrity": "sha1-dHIq8y6WFOnCh6jQu95IteLxomM="
    }
  }
}
